{
  "nodes": {
    "flake-parts": {
      "inputs": {
        "nixpkgs-lib": "nixpkgs-lib"
      },
      "locked": {
        "lastModified": 1727826117,
        "narHash": "sha256-K5ZLCyfO/Zj9mPFldf3iwS6oZStJcU4tSpiXTMYaaL0=",
        "owner": "hercules-ci",
        "repo": "flake-parts",
        "rev": "3d04084d54bedc3d6b8b736c70ef449225c361b1",
        "type": "github"
      },
      "original": {
        "id": "flake-parts",
        "type": "indirect"
      }
    },
    "nixpkgs": {
      "locked": {
        "lastModified": 1729233716,
        "narHash": "sha256-6KKTybx+J3Es62MNYtmka0Hb8m1H0NSdlOSSjvXHvkU=",
        "owner": "NixOS",
        "repo": "nixpkgs",
        "rev": "c858402c2a629211153137fb8d39be9fde4694ff",
        "type": "github"
      },
      "original": {
        "owner": "NixOS",
        "ref": "nixpkgs-unstable",
        "repo": "nixpkgs",
        "type": "github"
      }
    },
    "nixpkgs-lib": {
      "locked": {
        "lastModified": 1727825735,
        "narHash": "sha256-0xHYkMkeLVQAMa7gvkddbPqpxph+hDzdu1XdGPJR+Os=",
        "type": "tarball",
        "url": "https://github.com/NixOS/nixpkgs/archive/fb192fec7cc7a4c26d51779e9bab07ce6fa5597a.tar.gz"
      },
      "original": {
        "type": "tarball",
        "url": "https://github.com/NixOS/nixpkgs/archive/fb192fec7cc7a4c26d51779e9bab07ce6fa5597a.tar.gz"
      }
    },
    "nixpkgs_2": {
      "locked": {
        "lastModified": 1729233716,
        "narHash": "sha256-6KKTybx+J3Es62MNYtmka0Hb8m1H0NSdlOSSjvXHvkU=",
        "owner": "NixOS",
        "repo": "nixpkgs",
        "rev": "c858402c2a629211153137fb8d39be9fde4694ff",
        "type": "github"
      },
      "original": {
        "owner": "NixOS",
        "ref": "nixpkgs-unstable",
        "repo": "nixpkgs",
        "type": "github"
      }
    },
    "nuget-packages-lock2nuget-deps": {
      "inputs": {
        "nixpkgs": "nixpkgs_2"
      },
      "locked": {
        "lastModified": 1729300353,
        "narHash": "sha256-qyHBzTQmZSgDJQOOMWT5nRdn8YtFe62MNjKZVhTMkLw=",
        "owner": "Prunkles",
        "repo": "nuget-packages-lock2nuget-deps",
        "rev": "2e672d3b086671c0dc3700a324e78100de5fa56e",
        "type": "github"
      },
      "original": {
        "owner": "Prunkles",
        "repo": "nuget-packages-lock2nuget-deps",
        "type": "github"
      }
    },
    "root": {
      "inputs": {
        "flake-parts": "flake-parts",
        "nixpkgs": "nixpkgs",
        "nuget-packages-lock2nuget-deps": "nuget-packages-lock2nuget-deps"
      }
    }
  },
  "root": "root",
  "version": 7
}
