
Microsoft Visual Studio Solution File, Format Version 12.00
Project("{F2A71F9B-5D33-465A-A702-920D77279786}") = "IpfsSigningGatewayProxy.Server", "IpfsSigningGatewayProxy.Server\IpfsSigningGatewayProxy.Server.fsproj", "{14D3FC41-658A-4692-B30B-D24A620BE104}"
EndProject
Project("{F2A71F9B-5D33-465A-A702-920D77279786}") = "IpfsSigningGatewayProxy.Signer", "IpfsSigningGatewayProxy.Signer\IpfsSigningGatewayProxy.Signer.fsproj", "{A3464E32-1AC2-406B-B4DF-450DBF5977A3}"
EndProject
Project("{F2A71F9B-5D33-465A-A702-920D77279786}") = "IpfsSigningGatewayProxy.Shared", "IpfsSigningGatewayProxy.Shared\IpfsSigningGatewayProxy.Shared.fsproj", "{56D30709-B055-4F03-96B9-AC1F37048070}"
EndProject
Global
	GlobalSection(SolutionConfigurationPlatforms) = preSolution
		Debug|Any CPU = Debug|Any CPU
		Release|Any CPU = Release|Any CPU
	EndGlobalSection
	GlobalSection(ProjectConfigurationPlatforms) = postSolution
		{14D3FC41-658A-4692-B30B-D24A620BE104}.Debug|Any CPU.ActiveCfg = Debug|Any CPU
		{14D3FC41-658A-4692-B30B-D24A620BE104}.Debug|Any CPU.Build.0 = Debug|Any CPU
		{14D3FC41-658A-4692-B30B-D24A620BE104}.Release|Any CPU.ActiveCfg = Release|Any CPU
		{14D3FC41-658A-4692-B30B-D24A620BE104}.Release|Any CPU.Build.0 = Release|Any CPU
		{A3464E32-1AC2-406B-B4DF-450DBF5977A3}.Debug|Any CPU.ActiveCfg = Debug|Any CPU
		{A3464E32-1AC2-406B-B4DF-450DBF5977A3}.Debug|Any CPU.Build.0 = Debug|Any CPU
		{A3464E32-1AC2-406B-B4DF-450DBF5977A3}.Release|Any CPU.ActiveCfg = Release|Any CPU
		{A3464E32-1AC2-406B-B4DF-450DBF5977A3}.Release|Any CPU.Build.0 = Release|Any CPU
		{56D30709-B055-4F03-96B9-AC1F37048070}.Debug|Any CPU.ActiveCfg = Debug|Any CPU
		{56D30709-B055-4F03-96B9-AC1F37048070}.Debug|Any CPU.Build.0 = Debug|Any CPU
		{56D30709-B055-4F03-96B9-AC1F37048070}.Release|Any CPU.ActiveCfg = Release|Any CPU
		{56D30709-B055-4F03-96B9-AC1F37048070}.Release|Any CPU.Build.0 = Release|Any CPU
	EndGlobalSection
EndGlobal
