
Microsoft Visual Studio Solution File, Format Version 12.00
Project("{F2A71F9B-5D33-465A-A702-920D77279786}") = "Placies.Gateways.SigningProxyGateway.Server", "src\Gateways\Placies.Gateways.SigningProxyGateway.Server\Placies.Gateways.SigningProxyGateway.Server.fsproj", "{14D3FC41-658A-4692-B30B-D24A620BE104}"
EndProject
Project("{F2A71F9B-5D33-465A-A702-920D77279786}") = "Placies.Gateways.SigngingProxyGateway.Signer", "src\Gateways\Placies.Gateways.SigngingProxyGateway.Signer\Placies.Gateways.SigngingProxyGateway.Signer.fsproj", "{A3464E32-1AC2-406B-B4DF-450DBF5977A3}"
EndProject
Project("{F2A71F9B-5D33-465A-A702-920D77279786}") = "Placies.Gateways.SigningProxyGateway.Shared", "src\Gateways\Placies.Gateways.SigningProxyGateway.Shared\Placies.Gateways.SigningProxyGateway.Shared.fsproj", "{56D30709-B055-4F03-96B9-AC1F37048070}"
EndProject
Project("{F2A71F9B-5D33-465A-A702-920D77279786}") = "Placies.Gateways", "src\Gateways\Placies.Gateways\Placies.Gateways.fsproj", "{469C5970-B041-499F-B2CC-48776F3B5FF3}"
EndProject
Project("{F2A71F9B-5D33-465A-A702-920D77279786}") = "Placies.Utils", "src\Placies.Utils\Placies.Utils.fsproj", "{75A83038-FC2F-4B81-AE2F-CC67828B1E96}"
EndProject
Project("{F2A71F9B-5D33-465A-A702-920D77279786}") = "Placies.Ipld.DagJson", "src\Placies.Ipld.DagJson\Placies.Ipld.DagJson.fsproj", "{6FAA63F9-6A7B-4C0B-BCBD-A4773AB1EA4F}"
EndProject
Project("{2150E333-8FDC-42A3-9474-1A3956D46DE8}") = "Tests", "Tests", "{D469DDCB-8563-4AC2-8CBD-3E4D9892C26A}"
EndProject
Project("{F2A71F9B-5D33-465A-A702-920D77279786}") = "Placies.Ipld.Tests", "tests\Placies.Ipld.Tests\Placies.Ipld.Tests.fsproj", "{8FA91459-C8C6-43A4-ADC5-5D91EA7A249D}"
EndProject
Project("{F2A71F9B-5D33-465A-A702-920D77279786}") = "Placies.Ipld", "src\Placies.Ipld\Placies.Ipld.fsproj", "{23B55977-4109-4C63-9171-E30008CFF8C4}"
EndProject
Project("{F2A71F9B-5D33-465A-A702-920D77279786}") = "Placies.Ipld.DagCbor", "src\Placies.Ipld.DagCbor\Placies.Ipld.DagCbor.fsproj", "{7E952B9D-E4AB-4277-B059-69A5585EE65C}"
EndProject
Project("{F2A71F9B-5D33-465A-A702-920D77279786}") = "Placies.Multiformats.Tests", "tests\Placies.Multiformats.Tests\Placies.Multiformats.Tests.fsproj", "{FC95B784-15F7-48D8-93C7-FBD012BC4D0D}"
EndProject
Project("{F2A71F9B-5D33-465A-A702-920D77279786}") = "Placies.VarInt", "src\Placies.VarInt\Placies.VarInt.fsproj", "{D8BC9AEF-18AA-489B-988C-85072F0FD3A5}"
EndProject
Project("{F2A71F9B-5D33-465A-A702-920D77279786}") = "Placies.Multiformats.MultiBase", "src\Placies.Multiformats.MultiBase\Placies.Multiformats.MultiBase.fsproj", "{01AEA0A3-410F-484C-BA6A-BA1ADEF415EF}"
EndProject
Project("{F2A71F9B-5D33-465A-A702-920D77279786}") = "Placies.Multiformats.MultiHash", "src\Placies.Multiformats.MultiHash\Placies.Multiformats.MultiHash.fsproj", "{5E8B0A19-03A4-43D6-988B-9B6D6C038637}"
EndProject
Project("{F2A71F9B-5D33-465A-A702-920D77279786}") = "Placies.Multifroamts.MultiCodec", "src\Placies.Multifroamts.MultiCodec\Placies.Multifroamts.MultiCodec.fsproj", "{B344FC64-9EF8-43A5-9CFA-5683EC78C0B4}"
EndProject
Project("{F2A71F9B-5D33-465A-A702-920D77279786}") = "Placies.Cid", "src\Placies.Cid\Placies.Cid.fsproj", "{48BBF7DD-597A-4006-AE02-812C9FCAE79C}"
EndProject
Project("{2150E333-8FDC-42A3-9474-1A3956D46DE8}") = "Multiformats", "Multiformats", "{C33DD642-0C3D-4677-9C87-E71634E3CAF7}"
EndProject
Project("{2150E333-8FDC-42A3-9474-1A3956D46DE8}") = "Gateways", "Gateways", "{A5CCC708-BA5F-44C5-8201-32FDDE032EBA}"
EndProject
Project("{F2A71F9B-5D33-465A-A702-920D77279786}") = "Placies.Gateways.AllowlistProxyGateway.Server", "src\Gateways\Placies.Gateways.AllowlistProxyGateway.Server\Placies.Gateways.AllowlistProxyGateway.Server.fsproj", "{9FE34E97-3C33-4D35-9669-A001C4347F8F}"
EndProject
Project("{F2A71F9B-5D33-465A-A702-920D77279786}") = "Placies.Gateways.ProxyGateway", "src\Gateways\Placies.Gateways.ProxyGateway\Placies.Gateways.ProxyGateway.fsproj", "{868D08C6-A383-4BC0-BA07-B63D43709A69}"
EndProject
Global
	GlobalSection(SolutionConfigurationPlatforms) = preSolution
		Debug|Any CPU = Debug|Any CPU
		Release|Any CPU = Release|Any CPU
	EndGlobalSection
	GlobalSection(ProjectConfigurationPlatforms) = postSolution
		{14D3FC41-658A-4692-B30B-D24A620BE104}.Debug|Any CPU.ActiveCfg = Debug|Any CPU
		{14D3FC41-658A-4692-B30B-D24A620BE104}.Debug|Any CPU.Build.0 = Debug|Any CPU
		{14D3FC41-658A-4692-B30B-D24A620BE104}.Release|Any CPU.ActiveCfg = Release|Any CPU
		{14D3FC41-658A-4692-B30B-D24A620BE104}.Release|Any CPU.Build.0 = Release|Any CPU
		{A3464E32-1AC2-406B-B4DF-450DBF5977A3}.Debug|Any CPU.ActiveCfg = Debug|Any CPU
		{A3464E32-1AC2-406B-B4DF-450DBF5977A3}.Debug|Any CPU.Build.0 = Debug|Any CPU
		{A3464E32-1AC2-406B-B4DF-450DBF5977A3}.Release|Any CPU.ActiveCfg = Release|Any CPU
		{A3464E32-1AC2-406B-B4DF-450DBF5977A3}.Release|Any CPU.Build.0 = Release|Any CPU
		{56D30709-B055-4F03-96B9-AC1F37048070}.Debug|Any CPU.ActiveCfg = Debug|Any CPU
		{56D30709-B055-4F03-96B9-AC1F37048070}.Debug|Any CPU.Build.0 = Debug|Any CPU
		{56D30709-B055-4F03-96B9-AC1F37048070}.Release|Any CPU.ActiveCfg = Release|Any CPU
		{56D30709-B055-4F03-96B9-AC1F37048070}.Release|Any CPU.Build.0 = Release|Any CPU
		{469C5970-B041-499F-B2CC-48776F3B5FF3}.Debug|Any CPU.ActiveCfg = Debug|Any CPU
		{469C5970-B041-499F-B2CC-48776F3B5FF3}.Debug|Any CPU.Build.0 = Debug|Any CPU
		{469C5970-B041-499F-B2CC-48776F3B5FF3}.Release|Any CPU.ActiveCfg = Release|Any CPU
		{469C5970-B041-499F-B2CC-48776F3B5FF3}.Release|Any CPU.Build.0 = Release|Any CPU
		{75A83038-FC2F-4B81-AE2F-CC67828B1E96}.Debug|Any CPU.ActiveCfg = Debug|Any CPU
		{75A83038-FC2F-4B81-AE2F-CC67828B1E96}.Debug|Any CPU.Build.0 = Debug|Any CPU
		{75A83038-FC2F-4B81-AE2F-CC67828B1E96}.Release|Any CPU.ActiveCfg = Release|Any CPU
		{75A83038-FC2F-4B81-AE2F-CC67828B1E96}.Release|Any CPU.Build.0 = Release|Any CPU
		{6FAA63F9-6A7B-4C0B-BCBD-A4773AB1EA4F}.Debug|Any CPU.ActiveCfg = Debug|Any CPU
		{6FAA63F9-6A7B-4C0B-BCBD-A4773AB1EA4F}.Debug|Any CPU.Build.0 = Debug|Any CPU
		{6FAA63F9-6A7B-4C0B-BCBD-A4773AB1EA4F}.Release|Any CPU.ActiveCfg = Release|Any CPU
		{6FAA63F9-6A7B-4C0B-BCBD-A4773AB1EA4F}.Release|Any CPU.Build.0 = Release|Any CPU
		{8FA91459-C8C6-43A4-ADC5-5D91EA7A249D}.Debug|Any CPU.ActiveCfg = Debug|Any CPU
		{8FA91459-C8C6-43A4-ADC5-5D91EA7A249D}.Debug|Any CPU.Build.0 = Debug|Any CPU
		{8FA91459-C8C6-43A4-ADC5-5D91EA7A249D}.Release|Any CPU.ActiveCfg = Release|Any CPU
		{8FA91459-C8C6-43A4-ADC5-5D91EA7A249D}.Release|Any CPU.Build.0 = Release|Any CPU
		{23B55977-4109-4C63-9171-E30008CFF8C4}.Debug|Any CPU.ActiveCfg = Debug|Any CPU
		{23B55977-4109-4C63-9171-E30008CFF8C4}.Debug|Any CPU.Build.0 = Debug|Any CPU
		{23B55977-4109-4C63-9171-E30008CFF8C4}.Release|Any CPU.ActiveCfg = Release|Any CPU
		{23B55977-4109-4C63-9171-E30008CFF8C4}.Release|Any CPU.Build.0 = Release|Any CPU
		{7E952B9D-E4AB-4277-B059-69A5585EE65C}.Debug|Any CPU.ActiveCfg = Debug|Any CPU
		{7E952B9D-E4AB-4277-B059-69A5585EE65C}.Debug|Any CPU.Build.0 = Debug|Any CPU
		{7E952B9D-E4AB-4277-B059-69A5585EE65C}.Release|Any CPU.ActiveCfg = Release|Any CPU
		{7E952B9D-E4AB-4277-B059-69A5585EE65C}.Release|Any CPU.Build.0 = Release|Any CPU
		{FC95B784-15F7-48D8-93C7-FBD012BC4D0D}.Debug|Any CPU.ActiveCfg = Debug|Any CPU
		{FC95B784-15F7-48D8-93C7-FBD012BC4D0D}.Debug|Any CPU.Build.0 = Debug|Any CPU
		{FC95B784-15F7-48D8-93C7-FBD012BC4D0D}.Release|Any CPU.ActiveCfg = Release|Any CPU
		{FC95B784-15F7-48D8-93C7-FBD012BC4D0D}.Release|Any CPU.Build.0 = Release|Any CPU
		{D8BC9AEF-18AA-489B-988C-85072F0FD3A5}.Debug|Any CPU.ActiveCfg = Debug|Any CPU
		{D8BC9AEF-18AA-489B-988C-85072F0FD3A5}.Debug|Any CPU.Build.0 = Debug|Any CPU
		{D8BC9AEF-18AA-489B-988C-85072F0FD3A5}.Release|Any CPU.ActiveCfg = Release|Any CPU
		{D8BC9AEF-18AA-489B-988C-85072F0FD3A5}.Release|Any CPU.Build.0 = Release|Any CPU
		{01AEA0A3-410F-484C-BA6A-BA1ADEF415EF}.Debug|Any CPU.ActiveCfg = Debug|Any CPU
		{01AEA0A3-410F-484C-BA6A-BA1ADEF415EF}.Debug|Any CPU.Build.0 = Debug|Any CPU
		{01AEA0A3-410F-484C-BA6A-BA1ADEF415EF}.Release|Any CPU.ActiveCfg = Release|Any CPU
		{01AEA0A3-410F-484C-BA6A-BA1ADEF415EF}.Release|Any CPU.Build.0 = Release|Any CPU
		{5E8B0A19-03A4-43D6-988B-9B6D6C038637}.Debug|Any CPU.ActiveCfg = Debug|Any CPU
		{5E8B0A19-03A4-43D6-988B-9B6D6C038637}.Debug|Any CPU.Build.0 = Debug|Any CPU
		{5E8B0A19-03A4-43D6-988B-9B6D6C038637}.Release|Any CPU.ActiveCfg = Release|Any CPU
		{5E8B0A19-03A4-43D6-988B-9B6D6C038637}.Release|Any CPU.Build.0 = Release|Any CPU
		{B344FC64-9EF8-43A5-9CFA-5683EC78C0B4}.Debug|Any CPU.ActiveCfg = Debug|Any CPU
		{B344FC64-9EF8-43A5-9CFA-5683EC78C0B4}.Debug|Any CPU.Build.0 = Debug|Any CPU
		{B344FC64-9EF8-43A5-9CFA-5683EC78C0B4}.Release|Any CPU.ActiveCfg = Release|Any CPU
		{B344FC64-9EF8-43A5-9CFA-5683EC78C0B4}.Release|Any CPU.Build.0 = Release|Any CPU
		{48BBF7DD-597A-4006-AE02-812C9FCAE79C}.Debug|Any CPU.ActiveCfg = Debug|Any CPU
		{48BBF7DD-597A-4006-AE02-812C9FCAE79C}.Debug|Any CPU.Build.0 = Debug|Any CPU
		{48BBF7DD-597A-4006-AE02-812C9FCAE79C}.Release|Any CPU.ActiveCfg = Release|Any CPU
		{48BBF7DD-597A-4006-AE02-812C9FCAE79C}.Release|Any CPU.Build.0 = Release|Any CPU
		{9FE34E97-3C33-4D35-9669-A001C4347F8F}.Debug|Any CPU.ActiveCfg = Debug|Any CPU
		{9FE34E97-3C33-4D35-9669-A001C4347F8F}.Debug|Any CPU.Build.0 = Debug|Any CPU
		{9FE34E97-3C33-4D35-9669-A001C4347F8F}.Release|Any CPU.ActiveCfg = Release|Any CPU
		{9FE34E97-3C33-4D35-9669-A001C4347F8F}.Release|Any CPU.Build.0 = Release|Any CPU
		{868D08C6-A383-4BC0-BA07-B63D43709A69}.Debug|Any CPU.ActiveCfg = Debug|Any CPU
		{868D08C6-A383-4BC0-BA07-B63D43709A69}.Debug|Any CPU.Build.0 = Debug|Any CPU
		{868D08C6-A383-4BC0-BA07-B63D43709A69}.Release|Any CPU.ActiveCfg = Release|Any CPU
		{868D08C6-A383-4BC0-BA07-B63D43709A69}.Release|Any CPU.Build.0 = Release|Any CPU
	EndGlobalSection
	GlobalSection(NestedProjects) = preSolution
		{8FA91459-C8C6-43A4-ADC5-5D91EA7A249D} = {D469DDCB-8563-4AC2-8CBD-3E4D9892C26A}
		{FC95B784-15F7-48D8-93C7-FBD012BC4D0D} = {D469DDCB-8563-4AC2-8CBD-3E4D9892C26A}
		{48BBF7DD-597A-4006-AE02-812C9FCAE79C} = {C33DD642-0C3D-4677-9C87-E71634E3CAF7}
		{01AEA0A3-410F-484C-BA6A-BA1ADEF415EF} = {C33DD642-0C3D-4677-9C87-E71634E3CAF7}
		{5E8B0A19-03A4-43D6-988B-9B6D6C038637} = {C33DD642-0C3D-4677-9C87-E71634E3CAF7}
		{B344FC64-9EF8-43A5-9CFA-5683EC78C0B4} = {C33DD642-0C3D-4677-9C87-E71634E3CAF7}
		{D8BC9AEF-18AA-489B-988C-85072F0FD3A5} = {C33DD642-0C3D-4677-9C87-E71634E3CAF7}
		{A3464E32-1AC2-406B-B4DF-450DBF5977A3} = {A5CCC708-BA5F-44C5-8201-32FDDE032EBA}
		{14D3FC41-658A-4692-B30B-D24A620BE104} = {A5CCC708-BA5F-44C5-8201-32FDDE032EBA}
		{56D30709-B055-4F03-96B9-AC1F37048070} = {A5CCC708-BA5F-44C5-8201-32FDDE032EBA}
		{469C5970-B041-499F-B2CC-48776F3B5FF3} = {A5CCC708-BA5F-44C5-8201-32FDDE032EBA}
		{9FE34E97-3C33-4D35-9669-A001C4347F8F} = {A5CCC708-BA5F-44C5-8201-32FDDE032EBA}
		{868D08C6-A383-4BC0-BA07-B63D43709A69} = {A5CCC708-BA5F-44C5-8201-32FDDE032EBA}
	EndGlobalSection
EndGlobal
