{
  "version": 2,
  "dependencies": {
    "net8.0": {
      "FSharp.Core": {
        "type": "Direct",
        "requested": "[8.0.401, )",
        "resolved": "8.0.401",
        "contentHash": "pvmquLrs82m8WqWB49Gj+hsmnWURkUbc++pJ0P2NdrEv1ZVVrhDNjSiFNP4wW4HiTowwaRhjiBc5IKNV35Vf/A=="
      },
      "PeterO.Cbor": {
        "type": "Direct",
        "requested": "[4.5.5, )",
        "resolved": "4.5.5",
        "contentHash": "9fMcLg2SUm9ri1j3gVPYxk6+Ev4l4wu93bYwFG1tvntg1Qy4m0rFDdxStG88XR/W4DggOtBXfPVkC3bLF10nqw==",
        "dependencies": {
          "PeterO.Numbers": "1.8.2",
          "PeterO.URIUtility": "1.0.0"
        }
      },
      "PeterO.Numbers": {
        "type": "Transitive",
        "resolved": "1.8.2",
        "contentHash": "d+A5KLoWbwOTpvubPaGXLgCzANE00jXmsT+yneHwLe2OlobBBFLaIHyoDwmekuHM17z9hU++RF6mL+zZ2x69nA=="
      },
      "PeterO.URIUtility": {
        "type": "Transitive",
        "resolved": "1.0.0",
        "contentHash": "fpRTBsYACMp7NvTECauYRomubWTC3vUNw4hMXdIedP8ctBGK6tea9HOJwE+qVzis6MZYkL3LIs8qeY3rc6Jdlw=="
      },
      "System.Memory": {
        "type": "Transitive",
        "resolved": "4.5.5",
        "contentHash": "XIWiDvKPXaTveaB7HVganDlOCRoj03l+jrwNvcge/t8vhGYKvqV+dMv6G4SAX2NoNmN0wZfVPTAlFwZcZvVOUw=="
      },
      "placies.cid": {
        "type": "Project",
        "dependencies": {
          "FSharp.Core": "[8.0.401, )",
          "Placies.Multiformats.MultiHash": "[1.0.0, )",
          "Placies.Utils": "[1.0.0, )"
        }
      },
      "placies.ipld": {
        "type": "Project",
        "dependencies": {
          "FSharp.Core": "[8.0.401, )",
          "Placies.Cid": "[1.0.0, )",
          "Placies.Multiformats.MultiBase": "[1.0.0, )",
          "Placies.Multifroamts.MultiCodec": "[1.0.0, )"
        }
      },
      "placies.multiformats.multibase": {
        "type": "Project",
        "dependencies": {
          "FSharp.Core": "[8.0.401, )",
          "Placies.Utils": "[1.0.0, )",
          "SimpleBase": "[4.0.2, )"
        }
      },
      "placies.multiformats.multihash": {
        "type": "Project",
        "dependencies": {
          "FSharp.Core": "[8.0.401, )",
          "Placies.Multiformats.MultiBase": "[1.0.0, )",
          "Placies.Multifroamts.MultiCodec": "[1.0.0, )",
          "Placies.Utils": "[1.0.0, )",
          "Placies.VarInt": "[1.0.0, )"
        }
      },
      "placies.multifroamts.multicodec": {
        "type": "Project",
        "dependencies": {
          "FSharp.Core": "[8.0.401, )",
          "Placies.Utils": "[1.0.0, )"
        }
      },
      "placies.utils": {
        "type": "Project",
        "dependencies": {
          "FSharp.Core": "[8.0.401, )",
          "FsToolkit.ErrorHandling": "[4.17.0, )",
          "FsToolkit.ErrorHandling.TaskResult": "[4.17.0, )"
        }
      },
      "placies.varint": {
        "type": "Project",
        "dependencies": {
          "FSharp.Core": "[8.0.401, )",
          "Placies.Utils": "[1.0.0, )"
        }
      },
      "FsToolkit.ErrorHandling": {
        "type": "CentralTransitive",
        "requested": "[4.17.0, )",
        "resolved": "4.17.0",
        "contentHash": "eW37u0mip2bCjXK+z5VJUN1VdRz2QZYVZN1xLwKagrw4IS9jjQSR8P2OW5msE82AShpW2fM9ySEVxtZfoPBTiA==",
        "dependencies": {
          "FSharp.Core": "7.0.300"
        }
      },
      "FsToolkit.ErrorHandling.TaskResult": {
        "type": "CentralTransitive",
        "requested": "[4.17.0, )",
        "resolved": "4.17.0",
        "contentHash": "0468/s/OxckJ2RfZBzwAWQzksztA0FlRmHHauBHJ1pYBpHvXevKMowWeJQRfqZp+24whM9DaNzP8fWDScQ8aPA==",
        "dependencies": {
          "FsToolkit.ErrorHandling": "4.17.0"
        }
      },
      "SimpleBase": {
        "type": "CentralTransitive",
        "requested": "[4.0.2, )",
        "resolved": "4.0.2",
        "contentHash": "sNKHP2Qzy4DafamgH44UGg1YeyHFT08AMgHPraxYt4CVBoHHYD5f0MjbBfdmtGca69xikPU5aV8H+MMP7ZnfIg==",
        "dependencies": {
          "System.Memory": "4.5.5"
        }
      }
    }
  }
}