{
  "version": 1,
  "dependencies": {
    "net8.0": {
      "FSharp.Core": {
        "type": "Direct",
        "requested": "[8.0.100, )",
        "resolved": "8.0.100",
        "contentHash": "ZOVZ/o+jI3ormTZOa28Wh0tSRoyle1f7lKFcUN61sPiXI7eDZu8eSveFybgTeyIEyW0ujjp31cp7GOglDgsNEg=="
      },
      "FsToolkit.ErrorHandling": {
        "type": "Transitive",
        "resolved": "4.9.0",
        "contentHash": "Z8p+upgAX6nipdMMFUlbr0KajChF20BZ1aTzAokQ/aAboBt5AWKIfNpTHSq+veM2aPdoPJTrbvIA7NR0cL2BIQ==",
        "dependencies": {
          "FSharp.Core": "7.0.300"
        }
      },
      "FsToolkit.ErrorHandling.TaskResult": {
        "type": "Transitive",
        "resolved": "4.9.0",
        "contentHash": "bB/zkBn2Gc9wVPXt+ytPP5nsP/FKl7PfuV4+LrVz98yCEvZkWaEkwxnHePXtWA6KZrvlLLmREv02sZJAQSmQPA==",
        "dependencies": {
          "FsToolkit.ErrorHandling": "4.9.0"
        }
      },
      "Portable.BouncyCastle": {
        "type": "Transitive",
        "resolved": "1.9.0",
        "contentHash": "eZZBCABzVOek+id9Xy04HhmgykF0wZg9wpByzrWN7q8qEI0Qen9b7tfd7w8VA3dOeesumMG7C5ZPy0jk7PSRHw=="
      },
      "SimpleBase": {
        "type": "Transitive",
        "resolved": "4.0.0",
        "contentHash": "X9VdQGnMwRZ7ve1eGgzoRxV/srWCQfMWRaFzK8KsnA9P2N0LKUcELAdSW8noAY0JPKkDXNDtpH65CeVQwDDf+w==",
        "dependencies": {
          "System.Memory": "4.5.5"
        }
      },
      "System.Memory": {
        "type": "Transitive",
        "resolved": "4.5.5",
        "contentHash": "XIWiDvKPXaTveaB7HVganDlOCRoj03l+jrwNvcge/t8vhGYKvqV+dMv6G4SAX2NoNmN0wZfVPTAlFwZcZvVOUw=="
      },
      "placies.cid": {
        "type": "Project",
        "dependencies": {
          "FSharp.Core": "[8.0.100, )",
          "Placies.Multiformats.MultiHash": "[1.0.0, )",
          "Placies.Utils": "[1.0.0, )"
        }
      },
      "placies.gateways": {
        "type": "Project",
        "dependencies": {
          "FSharp.Core": "[8.0.100, )",
          "Placies.Cid": "[1.0.0, )",
          "Placies.Multiformats.MultiBase": "[1.0.0, )"
        }
      },
      "placies.gateways.proxygateway": {
        "type": "Project",
        "dependencies": {
          "FSharp.Core": "[8.0.100, )",
          "Placies.Gateways": "[1.0.0, )"
        }
      },
      "placies.gateways.signingproxygateway.shared": {
        "type": "Project",
        "dependencies": {
          "FSharp.Core": "[8.0.100, )",
          "Placies.Gateways": "[1.0.0, )",
          "Portable.BouncyCastle": "[1.9.0, )"
        }
      },
      "placies.multiformats.multibase": {
        "type": "Project",
        "dependencies": {
          "FSharp.Core": "[8.0.100, )",
          "Placies.Utils": "[1.0.0, )",
          "SimpleBase": "[4.0.0, )"
        }
      },
      "placies.multiformats.multihash": {
        "type": "Project",
        "dependencies": {
          "FSharp.Core": "[8.0.100, )",
          "Placies.Multiformats.MultiBase": "[1.0.0, )",
          "Placies.Multifroamts.MultiCodec": "[1.0.0, )",
          "Placies.Utils": "[1.0.0, )",
          "Placies.VarInt": "[1.0.0, )"
        }
      },
      "placies.multifroamts.multicodec": {
        "type": "Project",
        "dependencies": {
          "FSharp.Core": "[8.0.100, )",
          "Placies.Utils": "[1.0.0, )"
        }
      },
      "placies.utils": {
        "type": "Project",
        "dependencies": {
          "FSharp.Core": "[8.0.100, )",
          "FsToolkit.ErrorHandling": "[4.9.0, )",
          "FsToolkit.ErrorHandling.TaskResult": "[4.9.0, )"
        }
      },
      "placies.varint": {
        "type": "Project",
        "dependencies": {
          "FSharp.Core": "[8.0.100, )"
        }
      }
    }
  }
}