{
  "version": 2,
  "dependencies": {
    "net8.0": {
      "FSharp.Core": {
        "type": "Direct",
        "requested": "[8.0.100, )",
        "resolved": "8.0.100",
        "contentHash": "ZOVZ/o+jI3ormTZOa28Wh0tSRoyle1f7lKFcUN61sPiXI7eDZu8eSveFybgTeyIEyW0ujjp31cp7GOglDgsNEg=="
      },
      "placies.utils": {
        "type": "Project",
        "dependencies": {
          "FSharp.Core": "[8.0.100, )",
          "FsToolkit.ErrorHandling": "[4.9.0, )",
          "FsToolkit.ErrorHandling.TaskResult": "[4.9.0, )"
        }
      },
      "FsToolkit.ErrorHandling": {
        "type": "CentralTransitive",
        "requested": "[4.9.0, )",
        "resolved": "4.9.0",
        "contentHash": "Z8p+upgAX6nipdMMFUlbr0KajChF20BZ1aTzAokQ/aAboBt5AWKIfNpTHSq+veM2aPdoPJTrbvIA7NR0cL2BIQ==",
        "dependencies": {
          "FSharp.Core": "7.0.300"
        }
      },
      "FsToolkit.ErrorHandling.TaskResult": {
        "type": "CentralTransitive",
        "requested": "[4.9.0, )",
        "resolved": "4.9.0",
        "contentHash": "bB/zkBn2Gc9wVPXt+ytPP5nsP/FKl7PfuV4+LrVz98yCEvZkWaEkwxnHePXtWA6KZrvlLLmREv02sZJAQSmQPA==",
        "dependencies": {
          "FsToolkit.ErrorHandling": "4.9.0"
        }
      }
    }
  }
}